
Microsoft Visual Studio Solution File, Format Version 12.00
# Visual Studio 14
VisualStudioVersion = 14.0.24720.0
MinimumVisualStudioVersion = 10.0.40219.1
Project("{FAE04EC0-301F-11D3-BF4B-00C04F79EFBC}") = "Kharkovskiy_Alexander_Task6(FileSystem)", "Kharkovskiy_Alexander_Task6(FileSystem)\Kharkovskiy_Alexander_Task6(FileSystem).csproj", "{A5483031-6749-4FE9-9F49-F92B1BB5C31E}"
EndProject
Global
	GlobalSection(SolutionConfigurationPlatforms) = preSolution
		Debug|Any CPU = Debug|Any CPU
		Release|Any CPU = Release|Any CPU
	EndGlobalSection
	GlobalSection(ProjectConfigurationPlatforms) = postSolution
		{A5483031-6749-4FE9-9F49-F92B1BB5C31E}.Debug|Any CPU.ActiveCfg = Debug|Any CPU
		{A5483031-6749-4FE9-9F49-F92B1BB5C31E}.Debug|Any CPU.Build.0 = Debug|Any CPU
		{A5483031-6749-4FE9-9F49-F92B1BB5C31E}.Release|Any CPU.ActiveCfg = Release|Any CPU
		{A5483031-6749-4FE9-9F49-F92B1BB5C31E}.Release|Any CPU.Build.0 = Release|Any CPU
	EndGlobalSection
	GlobalSection(SolutionProperties) = preSolution
		HideSolutionNode = FALSE
	EndGlobalSection
EndGlobal
